
Microsoft Visual Studio Solution File, Format Version 12.00
# Visual Studio 15
VisualStudioVersion = 15.0.28010.2026
MinimumVisualStudioVersion = 10.0.40219.1
Project("{FAE04EC0-301F-11D3-BF4B-00C04F79EFBC}") = "DreamLifeWebApplication", "DreamLifeWebApplication\DreamLifeWebApplication.csproj", "{96D58310-7587-4101-9A7E-67F3E1850982}"
EndProject
Project("{FAE04EC0-301F-11D3-BF4B-00C04F79EFBC}") = "DreamLifeWebApplication.Dominio", "DreamLifeWebApplication.Dominio\DreamLifeWebApplication.Dominio.csproj", "{42A1C6C2-DEA1-46CC-A6ED-43CA298C24F5}"
EndProject
Project("{FAE04EC0-301F-11D3-BF4B-00C04F79EFBC}") = "DreamLifeWebApplication.Persistencia.EF", "DreamLifeWebApplication.Persistencia.EF\DreamLifeWebApplication.Persistencia.EF.csproj", "{7D2E89FB-1679-4CDC-A75D-7903A7A8B410}"
EndProject
Project("{FAE04EC0-301F-11D3-BF4B-00C04F79EFBC}") = "DreamLifeWebApplication.Repositorio", "DreamLifeWebApplication.Repositorio\DreamLifeWebApplication.Repositorio.csproj", "{B4B4FE05-B993-4831-A1E0-3DE2D4784F0D}"
EndProject
Global
	GlobalSection(SolutionConfigurationPlatforms) = preSolution
		Debug|Any CPU = Debug|Any CPU
		Release|Any CPU = Release|Any CPU
	EndGlobalSection
	GlobalSection(ProjectConfigurationPlatforms) = postSolution
		{96D58310-7587-4101-9A7E-67F3E1850982}.Debug|Any CPU.ActiveCfg = Debug|Any CPU
		{96D58310-7587-4101-9A7E-67F3E1850982}.Debug|Any CPU.Build.0 = Debug|Any CPU
		{96D58310-7587-4101-9A7E-67F3E1850982}.Release|Any CPU.ActiveCfg = Release|Any CPU
		{96D58310-7587-4101-9A7E-67F3E1850982}.Release|Any CPU.Build.0 = Release|Any CPU
		{42A1C6C2-DEA1-46CC-A6ED-43CA298C24F5}.Debug|Any CPU.ActiveCfg = Debug|Any CPU
		{42A1C6C2-DEA1-46CC-A6ED-43CA298C24F5}.Debug|Any CPU.Build.0 = Debug|Any CPU
		{42A1C6C2-DEA1-46CC-A6ED-43CA298C24F5}.Release|Any CPU.ActiveCfg = Release|Any CPU
		{42A1C6C2-DEA1-46CC-A6ED-43CA298C24F5}.Release|Any CPU.Build.0 = Release|Any CPU
		{7D2E89FB-1679-4CDC-A75D-7903A7A8B410}.Debug|Any CPU.ActiveCfg = Debug|Any CPU
		{7D2E89FB-1679-4CDC-A75D-7903A7A8B410}.Debug|Any CPU.Build.0 = Debug|Any CPU
		{7D2E89FB-1679-4CDC-A75D-7903A7A8B410}.Release|Any CPU.ActiveCfg = Release|Any CPU
		{7D2E89FB-1679-4CDC-A75D-7903A7A8B410}.Release|Any CPU.Build.0 = Release|Any CPU
		{B4B4FE05-B993-4831-A1E0-3DE2D4784F0D}.Debug|Any CPU.ActiveCfg = Debug|Any CPU
		{B4B4FE05-B993-4831-A1E0-3DE2D4784F0D}.Debug|Any CPU.Build.0 = Debug|Any CPU
		{B4B4FE05-B993-4831-A1E0-3DE2D4784F0D}.Release|Any CPU.ActiveCfg = Release|Any CPU
		{B4B4FE05-B993-4831-A1E0-3DE2D4784F0D}.Release|Any CPU.Build.0 = Release|Any CPU
	EndGlobalSection
	GlobalSection(SolutionProperties) = preSolution
		HideSolutionNode = FALSE
	EndGlobalSection
	GlobalSection(ExtensibilityGlobals) = postSolution
		SolutionGuid = {C8C745A2-DB59-4E8C-85F5-3E11580E15DE}
	EndGlobalSection
EndGlobal
